// !$*UTF8*$!
{
	archiveVersion = 1;
	classes = {
	};
	objectVersion = 46;
	objects = {

/* Begin PBXBuildFile section */
		F05282A015163BFB00F22472 /* main.c in Sources */ = {isa = PBXBuildFile; fileRef = F052829F15163BFB00F22472 /* main.c */; };
/* End PBXBuildFile section */

/* Begin PBXCopyFilesBuildPhase section */
		F052829915163BFA00F22472 /* CopyFiles */ = {
			isa = PBXCopyFilesBuildPhase;
			buildActionMask = 2147483647;
			dstPath = /usr/share/man/man1/;
			dstSubfolderSpec = 0;
			files = (
			);
			runOnlyForDeploymentPostprocessing = 1;
		};
/* End PBXCopyFilesBuildPhase section */

/* Begin PBXFileReference section */
		F052829B15163BFA00F22472 /* For */ = {isa = PBXFileReference; explicitFileType = "compiled.mach-o.executable"; includeInIndex = 0; path = For; sourceTree = BUILT_PRODUCTS_DIR; };
		F052829F15163BFB00F22472 /* main.c */ = {isa = PBXFileReference; lastKnownFileType = sourcecode.c.c; path = main.c; sourceTree = "<group>"; };
/* End PBXFileReference section */

/* Begin PBXFrameworksBuildPhase section */
		F052829815163BFA00F22472 /* Frameworks */ = {
			isa = PBXFrameworksBuildPhase;
			buildActionMask = 2147483647;
			files = (
			);
			runOnlyForDeploymentPostprocessing = 0;
		};
/* End PBXFrameworksBuildPhase section */

/* Begin PBXGroup section */
		F052829015163BFA00F22472 = {
			isa = PBXGroup;
			children = (
				F052829E15163BFA00F22472 /* For */,
				F052829C15163BFA00F22472 /* Products */,
			);
			sourceTree = "<group>";
		};
		F052829C15163BFA00F22472 /* Products */ = {
			isa = PBXGroup;
			children = (
				F052829B15163BFA00F22472 /* For */,
			);
			name = Products;
			sourceTree = "<group>";
		};
		F052829E15163BFA00F22472 /* For */ = {
			isa = PBXGroup;
			children = (
				F052829F15163BFB00F22472 /* main.c */,
			);
			path = For;
			sourceTree = "<group>";
		};
/* End PBXGroup section */

/* Begin PBXNativeTarget section */
		F052829A15163BFA00F22472 /* For */ = {
			isa = PBXNativeTarget;
			buildConfigurationList = F05282A515163BFB00F22472 /* Build configuration list for PBXNativeTarget "For" */;
			buildPhases = (
				F052829715163BFA00F22472 /* Sources */,
				F052829815163BFA00F22472 /* Frameworks */,
				F052829915163BFA00F22472 /* CopyFiles */,
			);
			buildRules = (
			);
			dependencies = (
			);
			name = For;
			productName = For;
			productReference = F052829B15163BFA00F22472 /* For */;
			productType = "com.apple.product-type.tool";
		};
/* End PBXNativeTarget section */

/* Begin PBXProject section */
		F052829215163BFA00F22472 /* Project object */ = {
			isa = PBXProject;
			attributes = {
				LastUpgradeCheck = 0430;
			};
			buildConfigurationList = F052829515163BFA00F22472 /* Build configuration list for PBXProject "For" */;
			compatibilityVersion = "Xcode 3.2";
			developmentRegion = English;
			hasScannedForEncodings = 0;
			knownRegions = (
				en,
			);
			mainGroup = F052829015163BFA00F22472;
			productRefGroup = F052829C15163BFA00F22472 /* Products */;
			projectDirPath = "";
			projectRoot = "";
			targets = (
				F052829A15163BFA00F22472 /* For */,
			);
		};
/* End PBXProject section */

/* Begin PBXSourcesBuildPhase section */
		F052829715163BFA00F22472 /* Sources */ = {
			isa = PBXSourcesBuildPhase;
			buildActionMask = 2147483647;
			files = (
				F05282A015163BFB00F22472 /* main.c in Sources */,
			);
			runOnlyForDeploymentPostprocessing = 0;
		};
/* End PBXSourcesBuildPhase section */

/* Begin XCBuildConfiguration section */
		F05282A315163BFB00F22472 /* Debug */ = {
			isa = XCBuildConfiguration;
			buildSettings = {
				ALWAYS_SEARCH_USER_PATHS = NO;
				ARCHS = "$(ARCHS_STANDARD_64_BIT)";
				COPY_PHASE_STRIP = NO;
				GCC_C_LANGUAGE_STANDARD = gnu99;
				GCC_DYNAMIC_NO_PIC = NO;
				GCC_ENABLE_OBJC_EXCEPTIONS = YES;
				GCC_OPTIMIZATION_LEVEL = 0;
				GCC_PREPROCESSOR_DEFINITIONS = (
					"DEBUG=1",
					"$(inherited)",
				);
				GCC_SYMBOLS_PRIVATE_EXTERN = NO;
				GCC_VERSION = com.apple.compilers.llvm.clang.1_0;
				GCC_WARN_64_TO_32_BIT_CONVERSION = YES;
				GCC_WARN_ABOUT_RETURN_TYPE = YES;
				GCC_WARN_UNINITIALIZED_AUTOS = YES;
				GCC_WARN_UNUSED_VARIABLE = YES;
				MACOSX_DEPLOYMENT_TARGET = 10.7;
				ONLY_ACTIVE_ARCH = YES;
				SDKROOT = macosx;
			};
			name = Debug;
		};
		F05282A415163BFB00F22472 /* Release */ = {
			isa = XCBuildConfiguration;
			buildSettings = {
				ALWAYS_SEARCH_USER_PATHS = NO;
				ARCHS = "$(ARCHS_STANDARD_64_BIT)";
				COPY_PHASE_STRIP = YES;
				DEBUG_INFORMATION_FORMAT = "dwarf-with-dsym";
				GCC_C_LANGUAGE_STANDARD = gnu99;
				GCC_ENABLE_OBJC_EXCEPTIONS = YES;
				GCC_VERSION = com.apple.compilers.llvm.clang.1_0;
				GCC_WARN_64_TO_32_BIT_CONVERSION = YES;
				GCC_WARN_ABOUT_RETURN_TYPE = YES;
				GCC_WARN_UNINITIALIZED_AUTOS = YES;
				GCC_WARN_UNUSED_VARIABLE = YES;
				MACOSX_DEPLOYMENT_TARGET = 10.7;
				SDKROOT = macosx;
			};
			name = Release;
		};
		F05282A615163BFB00F22472 /* Debug */ = {
			isa = XCBuildConfiguration;
			buildSettings = {
				PRODUCT_NAME = "$(TARGET_NAME)";
			};
			name = Debug;
		};
		F05282A715163BFB00F22472 /* Release */ = {
			isa = XCBuildConfiguration;
			buildSettings = {
				PRODUCT_NAME = "$(TARGET_NAME)";
			};
			name = Release;
		};
/* End XCBuildConfiguration section */

/* Begin XCConfigurationList section */
		F052829515163BFA00F22472 /* Build configuration list for PBXProject "For" */ = {
			isa = XCConfigurationList;
			buildConfigurations = (
				F05282A315163BFB00F22472 /* Debug */,
				F05282A415163BFB00F22472 /* Release */,
			);
			defaultConfigurationIsVisible = 0;
			defaultConfigurationName = Release;
		};
		F05282A515163BFB00F22472 /* Build configuration list for PBXNativeTarget "For" */ = {
			isa = XCConfigurationList;
			buildConfigurations = (
				F05282A615163BFB00F22472 /* Debug */,
				F05282A715163BFB00F22472 /* Release */,
			);
			defaultConfigurationIsVisible = 0;
		};
/* End XCConfigurationList section */
	};
	rootObject = F052829215163BFA00F22472 /* Project object */;
}
