// !$*UTF8*$!
{
	archiveVersion = 1;
	classes = {
	};
	objectVersion = 46;
	objects = {

/* Begin PBXBuildFile section */
		F05282B815163CB100F22472 /* main.c in Sources */ = {isa = PBXBuildFile; fileRef = F05282B715163CB100F22472 /* main.c */; };
/* End PBXBuildFile section */

/* Begin PBXCopyFilesBuildPhase section */
		F05282B115163CB100F22472 /* CopyFiles */ = {
			isa = PBXCopyFilesBuildPhase;
			buildActionMask = 2147483647;
			dstPath = /usr/share/man/man1/;
			dstSubfolderSpec = 0;
			files = (
			);
			runOnlyForDeploymentPostprocessing = 1;
		};
/* End PBXCopyFilesBuildPhase section */

/* Begin PBXFileReference section */
		F05282B315163CB100F22472 /* While */ = {isa = PBXFileReference; explicitFileType = "compiled.mach-o.executable"; includeInIndex = 0; path = While; sourceTree = BUILT_PRODUCTS_DIR; };
		F05282B715163CB100F22472 /* main.c */ = {isa = PBXFileReference; lastKnownFileType = sourcecode.c.c; path = main.c; sourceTree = "<group>"; };
/* End PBXFileReference section */

/* Begin PBXFrameworksBuildPhase section */
		F05282B015163CB100F22472 /* Frameworks */ = {
			isa = PBXFrameworksBuildPhase;
			buildActionMask = 2147483647;
			files = (
			);
			runOnlyForDeploymentPostprocessing = 0;
		};
/* End PBXFrameworksBuildPhase section */

/* Begin PBXGroup section */
		F05282A815163CB100F22472 = {
			isa = PBXGroup;
			children = (
				F05282B615163CB100F22472 /* While */,
				F05282B415163CB100F22472 /* Products */,
			);
			sourceTree = "<group>";
		};
		F05282B415163CB100F22472 /* Products */ = {
			isa = PBXGroup;
			children = (
				F05282B315163CB100F22472 /* While */,
			);
			name = Products;
			sourceTree = "<group>";
		};
		F05282B615163CB100F22472 /* While */ = {
			isa = PBXGroup;
			children = (
				F05282B715163CB100F22472 /* main.c */,
			);
			path = While;
			sourceTree = "<group>";
		};
/* End PBXGroup section */

/* Begin PBXNativeTarget section */
		F05282B215163CB100F22472 /* While */ = {
			isa = PBXNativeTarget;
			buildConfigurationList = F05282BD15163CB100F22472 /* Build configuration list for PBXNativeTarget "While" */;
			buildPhases = (
				F05282AF15163CB100F22472 /* Sources */,
				F05282B015163CB100F22472 /* Frameworks */,
				F05282B115163CB100F22472 /* CopyFiles */,
			);
			buildRules = (
			);
			dependencies = (
			);
			name = While;
			productName = While;
			productReference = F05282B315163CB100F22472 /* While */;
			productType = "com.apple.product-type.tool";
		};
/* End PBXNativeTarget section */

/* Begin PBXProject section */
		F05282AA15163CB100F22472 /* Project object */ = {
			isa = PBXProject;
			attributes = {
				LastUpgradeCheck = 0430;
			};
			buildConfigurationList = F05282AD15163CB100F22472 /* Build configuration list for PBXProject "While" */;
			compatibilityVersion = "Xcode 3.2";
			developmentRegion = English;
			hasScannedForEncodings = 0;
			knownRegions = (
				en,
			);
			mainGroup = F05282A815163CB100F22472;
			productRefGroup = F05282B415163CB100F22472 /* Products */;
			projectDirPath = "";
			projectRoot = "";
			targets = (
				F05282B215163CB100F22472 /* While */,
			);
		};
/* End PBXProject section */

/* Begin PBXSourcesBuildPhase section */
		F05282AF15163CB100F22472 /* Sources */ = {
			isa = PBXSourcesBuildPhase;
			buildActionMask = 2147483647;
			files = (
				F05282B815163CB100F22472 /* main.c in Sources */,
			);
			runOnlyForDeploymentPostprocessing = 0;
		};
/* End PBXSourcesBuildPhase section */

/* Begin XCBuildConfiguration section */
		F05282BB15163CB100F22472 /* Debug */ = {
			isa = XCBuildConfiguration;
			buildSettings = {
				ALWAYS_SEARCH_USER_PATHS = NO;
				ARCHS = "$(ARCHS_STANDARD_64_BIT)";
				COPY_PHASE_STRIP = NO;
				GCC_C_LANGUAGE_STANDARD = gnu99;
				GCC_DYNAMIC_NO_PIC = NO;
				GCC_ENABLE_OBJC_EXCEPTIONS = YES;
				GCC_OPTIMIZATION_LEVEL = 0;
				GCC_PREPROCESSOR_DEFINITIONS = (
					"DEBUG=1",
					"$(inherited)",
				);
				GCC_SYMBOLS_PRIVATE_EXTERN = NO;
				GCC_VERSION = com.apple.compilers.llvm.clang.1_0;
				GCC_WARN_64_TO_32_BIT_CONVERSION = YES;
				GCC_WARN_ABOUT_RETURN_TYPE = YES;
				GCC_WARN_UNINITIALIZED_AUTOS = YES;
				GCC_WARN_UNUSED_VARIABLE = YES;
				MACOSX_DEPLOYMENT_TARGET = 10.7;
				ONLY_ACTIVE_ARCH = YES;
				SDKROOT = macosx;
			};
			name = Debug;
		};
		F05282BC15163CB100F22472 /* Release */ = {
			isa = XCBuildConfiguration;
			buildSettings = {
				ALWAYS_SEARCH_USER_PATHS = NO;
				ARCHS = "$(ARCHS_STANDARD_64_BIT)";
				COPY_PHASE_STRIP = YES;
				DEBUG_INFORMATION_FORMAT = "dwarf-with-dsym";
				GCC_C_LANGUAGE_STANDARD = gnu99;
				GCC_ENABLE_OBJC_EXCEPTIONS = YES;
				GCC_VERSION = com.apple.compilers.llvm.clang.1_0;
				GCC_WARN_64_TO_32_BIT_CONVERSION = YES;
				GCC_WARN_ABOUT_RETURN_TYPE = YES;
				GCC_WARN_UNINITIALIZED_AUTOS = YES;
				GCC_WARN_UNUSED_VARIABLE = YES;
				MACOSX_DEPLOYMENT_TARGET = 10.7;
				SDKROOT = macosx;
			};
			name = Release;
		};
		F05282BE15163CB100F22472 /* Debug */ = {
			isa = XCBuildConfiguration;
			buildSettings = {
				PRODUCT_NAME = "$(TARGET_NAME)";
			};
			name = Debug;
		};
		F05282BF15163CB100F22472 /* Release */ = {
			isa = XCBuildConfiguration;
			buildSettings = {
				PRODUCT_NAME = "$(TARGET_NAME)";
			};
			name = Release;
		};
/* End XCBuildConfiguration section */

/* Begin XCConfigurationList section */
		F05282AD15163CB100F22472 /* Build configuration list for PBXProject "While" */ = {
			isa = XCConfigurationList;
			buildConfigurations = (
				F05282BB15163CB100F22472 /* Debug */,
				F05282BC15163CB100F22472 /* Release */,
			);
			defaultConfigurationIsVisible = 0;
			defaultConfigurationName = Release;
		};
		F05282BD15163CB100F22472 /* Build configuration list for PBXNativeTarget "While" */ = {
			isa = XCConfigurationList;
			buildConfigurations = (
				F05282BE15163CB100F22472 /* Debug */,
				F05282BF15163CB100F22472 /* Release */,
			);
			defaultConfigurationIsVisible = 0;
		};
/* End XCConfigurationList section */
	};
	rootObject = F05282AA15163CB100F22472 /* Project object */;
}
